
Microsoft Visual Studio Solution File, Format Version 12.00
# Visual Studio Version 18
VisualStudioVersion = 18.7.11903.348 stable
MinimumVisualStudioVersion = 10.0.40219.1
Project("{2150E333-8FDC-42A3-9474-1A3956D46DE8}") = "Solution Items", "Solution Items", "{4807FCB3-32E2-4F1F-BEED-7155E0402C34}"
	ProjectSection(SolutionItems) = preProject
		.editorconfig = .editorconfig
	EndProjectSection
EndProject
Project("{2150E333-8FDC-42A3-9474-1A3956D46DE8}") = "GW2EI.Models", "GW2EI.Models", "{72398651-1F17-443F-9739-895A72B4C3A1}"
EndProject
Project("{2150E333-8FDC-42A3-9474-1A3956D46DE8}") = "GW2EI.Library", "GW2EI.Library", "{87AC0C68-E227-4708-8548-42F6ABABF709}"
EndProject
Project("{2150E333-8FDC-42A3-9474-1A3956D46DE8}") = "GW2EI.Executables", "GW2EI.Executables", "{DC81D05D-CD57-4E41-82F9-C3B45C79E597}"
EndProject
Project("{FAE04EC0-301F-11D3-BF4B-00C04F79EFBC}") = "GW2EIJSON", "GW2EI.Library\GW2EI.Models\GW2EIJSON\GW2EIJSON.csproj", "{25C95797-DCD3-2F17-9949-91FEA952AF44}"
EndProject
Project("{2150E333-8FDC-42A3-9474-1A3956D46DE8}") = "GW2EI.Services", "GW2EI.Services", "{4FC36F34-D1D8-4D81-9A94-3EBA73C20323}"
EndProject
Project("{2150E333-8FDC-42A3-9474-1A3956D46DE8}") = "GW2EI.Repositories", "GW2EI.Repositories", "{B02E9423-5012-45FD-88FD-52CCEEC0977D}"
EndProject
Project("{FAE04EC0-301F-11D3-BF4B-00C04F79EFBC}") = "GW2EIUpdater", "GW2EI.Library\GW2EI.Repositories\GW2EIUpdater\GW2EIUpdater.csproj", "{3E8420A1-419E-55B4-B13A-A2F43004FE1D}"
EndProject
Project("{FAE04EC0-301F-11D3-BF4B-00C04F79EFBC}") = "GW2EIMistWarrior", "GW2EI.Library\GW2EI.Repositories\GW2EIMistWarrior\GW2EIMistWarrior.csproj", "{DEDDA453-8485-02ED-CBA8-122498123A74}"
EndProject
Project("{FAE04EC0-301F-11D3-BF4B-00C04F79EFBC}") = "GW2EIGW2API", "GW2EI.Library\GW2EI.Repositories\GW2EIGW2API\GW2EIGW2API.csproj", "{86D91516-9C37-B04A-AC43-A175F28641B2}"
EndProject
Project("{FAE04EC0-301F-11D3-BF4B-00C04F79EFBC}") = "GW2EIDPSReport", "GW2EI.Library\GW2EI.Repositories\GW2EIDPSReport\GW2EIDPSReport.csproj", "{A6B04519-01E6-8460-94CF-ED2C9E7206C6}"
EndProject
Project("{FAE04EC0-301F-11D3-BF4B-00C04F79EFBC}") = "GW2EIDiscord", "GW2EI.Library\GW2EI.Repositories\GW2EIDiscord\GW2EIDiscord.csproj", "{E7280949-95D4-C9D3-6188-24F819987C29}"
EndProject
Project("{FAE04EC0-301F-11D3-BF4B-00C04F79EFBC}") = "GW2EIParserCommons", "GW2EI.Library\GW2EI.Services\GW2EIParserCommons\GW2EIParserCommons.csproj", "{857F2EE4-A2D9-0200-CCCE-DF28A89AD2CA}"
EndProject
Project("{FAE04EC0-301F-11D3-BF4B-00C04F79EFBC}") = "GW2EIEvtcParser", "GW2EI.Library\GW2EI.Services\GW2EIEvtcParser\GW2EIEvtcParser.csproj", "{B66EB91B-B29D-86FE-5C02-216E0921F007}"
EndProject
Project("{FAE04EC0-301F-11D3-BF4B-00C04F79EFBC}") = "GW2EIBuilders", "GW2EI.Library\GW2EI.Services\GW2EIBuilders\GW2EIBuilders.csproj", "{3FB69602-7885-AA1A-15E9-D9F8EABB8470}"
EndProject
Project("{FAE04EC0-301F-11D3-BF4B-00C04F79EFBC}") = "GW2EIWingman", "GW2EI.Library\GW2EI.Repositories\GW2EIWingman\GW2EIWingman.csproj", "{B060B4B9-91CD-0EAB-0D0A-D005020521BC}"
EndProject
Project("{2150E333-8FDC-42A3-9474-1A3956D46DE8}") = "GW2EI.Applications", "GW2EI.Applications", "{42981907-53CD-4C6B-8FE2-4E9CD5D7025D}"
EndProject
Project("{2150E333-8FDC-42A3-9474-1A3956D46DE8}") = "GW2EI.Tests", "GW2EI.Tests", "{72082C5E-85AD-4CBB-B964-B298E0B445B0}"
EndProject
Project("{FAE04EC0-301F-11D3-BF4B-00C04F79EFBC}") = "GW2EIParser.tst", "GW2EI.Executables\GW2EI.Tests\GW2EIParser.tst\GW2EIParser.tst.csproj", "{0CC0B97C-F635-070D-6FA7-C06351FBE508}"
EndProject
Project("{FAE04EC0-301F-11D3-BF4B-00C04F79EFBC}") = "GW2EIParserCLI", "GW2EI.Executables\GW2EI.Applications\GW2EIParserCLI\GW2EIParserCLI.csproj", "{22D93A52-E1C4-D0C8-4D8F-6C7A08F47F4A}"
EndProject
Project("{FAE04EC0-301F-11D3-BF4B-00C04F79EFBC}") = "GW2EIParser", "GW2EI.Executables\GW2EI.Applications\GW2EIParser\GW2EIParser.csproj", "{EF325D89-14EC-F56A-F0AA-283B49B1C7CB}"
EndProject
Global
	GlobalSection(SolutionConfigurationPlatforms) = preSolution
		Debug|Any CPU = Debug|Any CPU
		Debug|x64 = Debug|x64
		Debug|x86 = Debug|x86
		NoRewards|Any CPU = NoRewards|Any CPU
		NoRewards|x64 = NoRewards|x64
		NoRewards|x86 = NoRewards|x86
		Release|Any CPU = Release|Any CPU
		Release|x64 = Release|x64
		Release|x86 = Release|x86
		Trace|Any CPU = Trace|Any CPU
		Trace|x64 = Trace|x64
		Trace|x86 = Trace|x86
	EndGlobalSection
	GlobalSection(ProjectConfigurationPlatforms) = postSolution
		{25C95797-DCD3-2F17-9949-91FEA952AF44}.Debug|Any CPU.ActiveCfg = Debug|Any CPU
		{25C95797-DCD3-2F17-9949-91FEA952AF44}.Debug|Any CPU.Build.0 = Debug|Any CPU
		{25C95797-DCD3-2F17-9949-91FEA952AF44}.Debug|x64.ActiveCfg = Debug|Any CPU
		{25C95797-DCD3-2F17-9949-91FEA952AF44}.Debug|x64.Build.0 = Debug|Any CPU
		{25C95797-DCD3-2F17-9949-91FEA952AF44}.Debug|x86.ActiveCfg = Debug|Any CPU
		{25C95797-DCD3-2F17-9949-91FEA952AF44}.Debug|x86.Build.0 = Debug|Any CPU
		{25C95797-DCD3-2F17-9949-91FEA952AF44}.NoRewards|Any CPU.ActiveCfg = NoRewards|Any CPU
		{25C95797-DCD3-2F17-9949-91FEA952AF44}.NoRewards|Any CPU.Build.0 = NoRewards|Any CPU
		{25C95797-DCD3-2F17-9949-91FEA952AF44}.NoRewards|x64.ActiveCfg = NoRewards|Any CPU
		{25C95797-DCD3-2F17-9949-91FEA952AF44}.NoRewards|x64.Build.0 = NoRewards|Any CPU
		{25C95797-DCD3-2F17-9949-91FEA952AF44}.NoRewards|x86.ActiveCfg = NoRewards|Any CPU
		{25C95797-DCD3-2F17-9949-91FEA952AF44}.NoRewards|x86.Build.0 = NoRewards|Any CPU
		{25C95797-DCD3-2F17-9949-91FEA952AF44}.Release|Any CPU.ActiveCfg = Release|Any CPU
		{25C95797-DCD3-2F17-9949-91FEA952AF44}.Release|Any CPU.Build.0 = Release|Any CPU
		{25C95797-DCD3-2F17-9949-91FEA952AF44}.Release|x64.ActiveCfg = Release|Any CPU
		{25C95797-DCD3-2F17-9949-91FEA952AF44}.Release|x64.Build.0 = Release|Any CPU
		{25C95797-DCD3-2F17-9949-91FEA952AF44}.Release|x86.ActiveCfg = Release|Any CPU
		{25C95797-DCD3-2F17-9949-91FEA952AF44}.Release|x86.Build.0 = Release|Any CPU
		{25C95797-DCD3-2F17-9949-91FEA952AF44}.Trace|Any CPU.ActiveCfg = Trace|Any CPU
		{25C95797-DCD3-2F17-9949-91FEA952AF44}.Trace|Any CPU.Build.0 = Trace|Any CPU
		{25C95797-DCD3-2F17-9949-91FEA952AF44}.Trace|x64.ActiveCfg = Trace|Any CPU
		{25C95797-DCD3-2F17-9949-91FEA952AF44}.Trace|x64.Build.0 = Trace|Any CPU
		{25C95797-DCD3-2F17-9949-91FEA952AF44}.Trace|x86.ActiveCfg = Trace|Any CPU
		{25C95797-DCD3-2F17-9949-91FEA952AF44}.Trace|x86.Build.0 = Trace|Any CPU
		{3E8420A1-419E-55B4-B13A-A2F43004FE1D}.Debug|Any CPU.ActiveCfg = Debug|Any CPU
		{3E8420A1-419E-55B4-B13A-A2F43004FE1D}.Debug|Any CPU.Build.0 = Debug|Any CPU
		{3E8420A1-419E-55B4-B13A-A2F43004FE1D}.Debug|x64.ActiveCfg = Debug|Any CPU
		{3E8420A1-419E-55B4-B13A-A2F43004FE1D}.Debug|x64.Build.0 = Debug|Any CPU
		{3E8420A1-419E-55B4-B13A-A2F43004FE1D}.Debug|x86.ActiveCfg = Debug|Any CPU
		{3E8420A1-419E-55B4-B13A-A2F43004FE1D}.Debug|x86.Build.0 = Debug|Any CPU
		{3E8420A1-419E-55B4-B13A-A2F43004FE1D}.NoRewards|Any CPU.ActiveCfg = Debug|Any CPU
		{3E8420A1-419E-55B4-B13A-A2F43004FE1D}.NoRewards|Any CPU.Build.0 = Debug|Any CPU
		{3E8420A1-419E-55B4-B13A-A2F43004FE1D}.NoRewards|x64.ActiveCfg = Debug|Any CPU
		{3E8420A1-419E-55B4-B13A-A2F43004FE1D}.NoRewards|x64.Build.0 = Debug|Any CPU
		{3E8420A1-419E-55B4-B13A-A2F43004FE1D}.NoRewards|x86.ActiveCfg = Debug|Any CPU
		{3E8420A1-419E-55B4-B13A-A2F43004FE1D}.NoRewards|x86.Build.0 = Debug|Any CPU
		{3E8420A1-419E-55B4-B13A-A2F43004FE1D}.Release|Any CPU.ActiveCfg = Release|Any CPU
		{3E8420A1-419E-55B4-B13A-A2F43004FE1D}.Release|Any CPU.Build.0 = Release|Any CPU
		{3E8420A1-419E-55B4-B13A-A2F43004FE1D}.Release|x64.ActiveCfg = Release|Any CPU
		{3E8420A1-419E-55B4-B13A-A2F43004FE1D}.Release|x64.Build.0 = Release|Any CPU
		{3E8420A1-419E-55B4-B13A-A2F43004FE1D}.Release|x86.ActiveCfg = Release|Any CPU
		{3E8420A1-419E-55B4-B13A-A2F43004FE1D}.Release|x86.Build.0 = Release|Any CPU
		{3E8420A1-419E-55B4-B13A-A2F43004FE1D}.Trace|Any CPU.ActiveCfg = Debug|Any CPU
		{3E8420A1-419E-55B4-B13A-A2F43004FE1D}.Trace|Any CPU.Build.0 = Debug|Any CPU
		{3E8420A1-419E-55B4-B13A-A2F43004FE1D}.Trace|x64.ActiveCfg = Debug|Any CPU
		{3E8420A1-419E-55B4-B13A-A2F43004FE1D}.Trace|x64.Build.0 = Debug|Any CPU
		{3E8420A1-419E-55B4-B13A-A2F43004FE1D}.Trace|x86.ActiveCfg = Debug|Any CPU
		{3E8420A1-419E-55B4-B13A-A2F43004FE1D}.Trace|x86.Build.0 = Debug|Any CPU
		{DEDDA453-8485-02ED-CBA8-122498123A74}.Debug|Any CPU.ActiveCfg = Debug|Any CPU
		{DEDDA453-8485-02ED-CBA8-122498123A74}.Debug|Any CPU.Build.0 = Debug|Any CPU
		{DEDDA453-8485-02ED-CBA8-122498123A74}.Debug|x64.ActiveCfg = Debug|Any CPU
		{DEDDA453-8485-02ED-CBA8-122498123A74}.Debug|x64.Build.0 = Debug|Any CPU
		{DEDDA453-8485-02ED-CBA8-122498123A74}.Debug|x86.ActiveCfg = Debug|Any CPU
		{DEDDA453-8485-02ED-CBA8-122498123A74}.Debug|x86.Build.0 = Debug|Any CPU
		{DEDDA453-8485-02ED-CBA8-122498123A74}.NoRewards|Any CPU.ActiveCfg = NoRewards|Any CPU
		{DEDDA453-8485-02ED-CBA8-122498123A74}.NoRewards|Any CPU.Build.0 = NoRewards|Any CPU
		{DEDDA453-8485-02ED-CBA8-122498123A74}.NoRewards|x64.ActiveCfg = NoRewards|Any CPU
		{DEDDA453-8485-02ED-CBA8-122498123A74}.NoRewards|x64.Build.0 = NoRewards|Any CPU
		{DEDDA453-8485-02ED-CBA8-122498123A74}.NoRewards|x86.ActiveCfg = NoRewards|Any CPU
		{DEDDA453-8485-02ED-CBA8-122498123A74}.NoRewards|x86.Build.0 = NoRewards|Any CPU
		{DEDDA453-8485-02ED-CBA8-122498123A74}.Release|Any CPU.ActiveCfg = Release|Any CPU
		{DEDDA453-8485-02ED-CBA8-122498123A74}.Release|Any CPU.Build.0 = Release|Any CPU
		{DEDDA453-8485-02ED-CBA8-122498123A74}.Release|x64.ActiveCfg = Release|Any CPU
		{DEDDA453-8485-02ED-CBA8-122498123A74}.Release|x64.Build.0 = Release|Any CPU
		{DEDDA453-8485-02ED-CBA8-122498123A74}.Release|x86.ActiveCfg = Release|Any CPU
		{DEDDA453-8485-02ED-CBA8-122498123A74}.Release|x86.Build.0 = Release|Any CPU
		{DEDDA453-8485-02ED-CBA8-122498123A74}.Trace|Any CPU.ActiveCfg = Trace|Any CPU
		{DEDDA453-8485-02ED-CBA8-122498123A74}.Trace|Any CPU.Build.0 = Trace|Any CPU
		{DEDDA453-8485-02ED-CBA8-122498123A74}.Trace|x64.ActiveCfg = Trace|Any CPU
		{DEDDA453-8485-02ED-CBA8-122498123A74}.Trace|x64.Build.0 = Trace|Any CPU
		{DEDDA453-8485-02ED-CBA8-122498123A74}.Trace|x86.ActiveCfg = Trace|Any CPU
		{DEDDA453-8485-02ED-CBA8-122498123A74}.Trace|x86.Build.0 = Trace|Any CPU
		{86D91516-9C37-B04A-AC43-A175F28641B2}.Debug|Any CPU.ActiveCfg = Debug|Any CPU
		{86D91516-9C37-B04A-AC43-A175F28641B2}.Debug|Any CPU.Build.0 = Debug|Any CPU
		{86D91516-9C37-B04A-AC43-A175F28641B2}.Debug|x64.ActiveCfg = Debug|Any CPU
		{86D91516-9C37-B04A-AC43-A175F28641B2}.Debug|x64.Build.0 = Debug|Any CPU
		{86D91516-9C37-B04A-AC43-A175F28641B2}.Debug|x86.ActiveCfg = Debug|Any CPU
		{86D91516-9C37-B04A-AC43-A175F28641B2}.Debug|x86.Build.0 = Debug|Any CPU
		{86D91516-9C37-B04A-AC43-A175F28641B2}.NoRewards|Any CPU.ActiveCfg = NoRewards|Any CPU
		{86D91516-9C37-B04A-AC43-A175F28641B2}.NoRewards|Any CPU.Build.0 = NoRewards|Any CPU
		{86D91516-9C37-B04A-AC43-A175F28641B2}.NoRewards|x64.ActiveCfg = NoRewards|Any CPU
		{86D91516-9C37-B04A-AC43-A175F28641B2}.NoRewards|x64.Build.0 = NoRewards|Any CPU
		{86D91516-9C37-B04A-AC43-A175F28641B2}.NoRewards|x86.ActiveCfg = NoRewards|Any CPU
		{86D91516-9C37-B04A-AC43-A175F28641B2}.NoRewards|x86.Build.0 = NoRewards|Any CPU
		{86D91516-9C37-B04A-AC43-A175F28641B2}.Release|Any CPU.ActiveCfg = Release|Any CPU
		{86D91516-9C37-B04A-AC43-A175F28641B2}.Release|Any CPU.Build.0 = Release|Any CPU
		{86D91516-9C37-B04A-AC43-A175F28641B2}.Release|x64.ActiveCfg = Release|Any CPU
		{86D91516-9C37-B04A-AC43-A175F28641B2}.Release|x64.Build.0 = Release|Any CPU
		{86D91516-9C37-B04A-AC43-A175F28641B2}.Release|x86.ActiveCfg = Release|Any CPU
		{86D91516-9C37-B04A-AC43-A175F28641B2}.Release|x86.Build.0 = Release|Any CPU
		{86D91516-9C37-B04A-AC43-A175F28641B2}.Trace|Any CPU.ActiveCfg = Trace|Any CPU
		{86D91516-9C37-B04A-AC43-A175F28641B2}.Trace|Any CPU.Build.0 = Trace|Any CPU
		{86D91516-9C37-B04A-AC43-A175F28641B2}.Trace|x64.ActiveCfg = Trace|Any CPU
		{86D91516-9C37-B04A-AC43-A175F28641B2}.Trace|x64.Build.0 = Trace|Any CPU
		{86D91516-9C37-B04A-AC43-A175F28641B2}.Trace|x86.ActiveCfg = Trace|Any CPU
		{86D91516-9C37-B04A-AC43-A175F28641B2}.Trace|x86.Build.0 = Trace|Any CPU
		{A6B04519-01E6-8460-94CF-ED2C9E7206C6}.Debug|Any CPU.ActiveCfg = Debug|Any CPU
		{A6B04519-01E6-8460-94CF-ED2C9E7206C6}.Debug|Any CPU.Build.0 = Debug|Any CPU
		{A6B04519-01E6-8460-94CF-ED2C9E7206C6}.Debug|x64.ActiveCfg = Debug|Any CPU
		{A6B04519-01E6-8460-94CF-ED2C9E7206C6}.Debug|x64.Build.0 = Debug|Any CPU
		{A6B04519-01E6-8460-94CF-ED2C9E7206C6}.Debug|x86.ActiveCfg = Debug|Any CPU
		{A6B04519-01E6-8460-94CF-ED2C9E7206C6}.Debug|x86.Build.0 = Debug|Any CPU
		{A6B04519-01E6-8460-94CF-ED2C9E7206C6}.NoRewards|Any CPU.ActiveCfg = NoRewards|Any CPU
		{A6B04519-01E6-8460-94CF-ED2C9E7206C6}.NoRewards|Any CPU.Build.0 = NoRewards|Any CPU
		{A6B04519-01E6-8460-94CF-ED2C9E7206C6}.NoRewards|x64.ActiveCfg = NoRewards|Any CPU
		{A6B04519-01E6-8460-94CF-ED2C9E7206C6}.NoRewards|x64.Build.0 = NoRewards|Any CPU
		{A6B04519-01E6-8460-94CF-ED2C9E7206C6}.NoRewards|x86.ActiveCfg = NoRewards|Any CPU
		{A6B04519-01E6-8460-94CF-ED2C9E7206C6}.NoRewards|x86.Build.0 = NoRewards|Any CPU
		{A6B04519-01E6-8460-94CF-ED2C9E7206C6}.Release|Any CPU.ActiveCfg = Release|Any CPU
		{A6B04519-01E6-8460-94CF-ED2C9E7206C6}.Release|Any CPU.Build.0 = Release|Any CPU
		{A6B04519-01E6-8460-94CF-ED2C9E7206C6}.Release|x64.ActiveCfg = Release|Any CPU
		{A6B04519-01E6-8460-94CF-ED2C9E7206C6}.Release|x64.Build.0 = Release|Any CPU
		{A6B04519-01E6-8460-94CF-ED2C9E7206C6}.Release|x86.ActiveCfg = Release|Any CPU
		{A6B04519-01E6-8460-94CF-ED2C9E7206C6}.Release|x86.Build.0 = Release|Any CPU
		{A6B04519-01E6-8460-94CF-ED2C9E7206C6}.Trace|Any CPU.ActiveCfg = Trace|Any CPU
		{A6B04519-01E6-8460-94CF-ED2C9E7206C6}.Trace|Any CPU.Build.0 = Trace|Any CPU
		{A6B04519-01E6-8460-94CF-ED2C9E7206C6}.Trace|x64.ActiveCfg = Trace|Any CPU
		{A6B04519-01E6-8460-94CF-ED2C9E7206C6}.Trace|x64.Build.0 = Trace|Any CPU
		{A6B04519-01E6-8460-94CF-ED2C9E7206C6}.Trace|x86.ActiveCfg = Trace|Any CPU
		{A6B04519-01E6-8460-94CF-ED2C9E7206C6}.Trace|x86.Build.0 = Trace|Any CPU
		{E7280949-95D4-C9D3-6188-24F819987C29}.Debug|Any CPU.ActiveCfg = Debug|Any CPU
		{E7280949-95D4-C9D3-6188-24F819987C29}.Debug|Any CPU.Build.0 = Debug|Any CPU
		{E7280949-95D4-C9D3-6188-24F819987C29}.Debug|x64.ActiveCfg = Debug|Any CPU
		{E7280949-95D4-C9D3-6188-24F819987C29}.Debug|x64.Build.0 = Debug|Any CPU
		{E7280949-95D4-C9D3-6188-24F819987C29}.Debug|x86.ActiveCfg = Debug|Any CPU
		{E7280949-95D4-C9D3-6188-24F819987C29}.Debug|x86.Build.0 = Debug|Any CPU
		{E7280949-95D4-C9D3-6188-24F819987C29}.NoRewards|Any CPU.ActiveCfg = NoRewards|Any CPU
		{E7280949-95D4-C9D3-6188-24F819987C29}.NoRewards|Any CPU.Build.0 = NoRewards|Any CPU
		{E7280949-95D4-C9D3-6188-24F819987C29}.NoRewards|x64.ActiveCfg = NoRewards|Any CPU
		{E7280949-95D4-C9D3-6188-24F819987C29}.NoRewards|x64.Build.0 = NoRewards|Any CPU
		{E7280949-95D4-C9D3-6188-24F819987C29}.NoRewards|x86.ActiveCfg = NoRewards|Any CPU
		{E7280949-95D4-C9D3-6188-24F819987C29}.NoRewards|x86.Build.0 = NoRewards|Any CPU
		{E7280949-95D4-C9D3-6188-24F819987C29}.Release|Any CPU.ActiveCfg = Release|Any CPU
		{E7280949-95D4-C9D3-6188-24F819987C29}.Release|Any CPU.Build.0 = Release|Any CPU
		{E7280949-95D4-C9D3-6188-24F819987C29}.Release|x64.ActiveCfg = Release|Any CPU
		{E7280949-95D4-C9D3-6188-24F819987C29}.Release|x64.Build.0 = Release|Any CPU
		{E7280949-95D4-C9D3-6188-24F819987C29}.Release|x86.ActiveCfg = Release|Any CPU
		{E7280949-95D4-C9D3-6188-24F819987C29}.Release|x86.Build.0 = Release|Any CPU
		{E7280949-95D4-C9D3-6188-24F819987C29}.Trace|Any CPU.ActiveCfg = Trace|Any CPU
		{E7280949-95D4-C9D3-6188-24F819987C29}.Trace|Any CPU.Build.0 = Trace|Any CPU
		{E7280949-95D4-C9D3-6188-24F819987C29}.Trace|x64.ActiveCfg = Trace|Any CPU
		{E7280949-95D4-C9D3-6188-24F819987C29}.Trace|x64.Build.0 = Trace|Any CPU
		{E7280949-95D4-C9D3-6188-24F819987C29}.Trace|x86.ActiveCfg = Trace|Any CPU
		{E7280949-95D4-C9D3-6188-24F819987C29}.Trace|x86.Build.0 = Trace|Any CPU
		{857F2EE4-A2D9-0200-CCCE-DF28A89AD2CA}.Debug|Any CPU.ActiveCfg = Debug|Any CPU
		{857F2EE4-A2D9-0200-CCCE-DF28A89AD2CA}.Debug|Any CPU.Build.0 = Debug|Any CPU
		{857F2EE4-A2D9-0200-CCCE-DF28A89AD2CA}.Debug|x64.ActiveCfg = Debug|Any CPU
		{857F2EE4-A2D9-0200-CCCE-DF28A89AD2CA}.Debug|x64.Build.0 = Debug|Any CPU
		{857F2EE4-A2D9-0200-CCCE-DF28A89AD2CA}.Debug|x86.ActiveCfg = Debug|Any CPU
		{857F2EE4-A2D9-0200-CCCE-DF28A89AD2CA}.Debug|x86.Build.0 = Debug|Any CPU
		{857F2EE4-A2D9-0200-CCCE-DF28A89AD2CA}.NoRewards|Any CPU.ActiveCfg = NoRewards|Any CPU
		{857F2EE4-A2D9-0200-CCCE-DF28A89AD2CA}.NoRewards|Any CPU.Build.0 = NoRewards|Any CPU
		{857F2EE4-A2D9-0200-CCCE-DF28A89AD2CA}.NoRewards|x64.ActiveCfg = NoRewards|Any CPU
		{857F2EE4-A2D9-0200-CCCE-DF28A89AD2CA}.NoRewards|x64.Build.0 = NoRewards|Any CPU
		{857F2EE4-A2D9-0200-CCCE-DF28A89AD2CA}.NoRewards|x86.ActiveCfg = NoRewards|Any CPU
		{857F2EE4-A2D9-0200-CCCE-DF28A89AD2CA}.NoRewards|x86.Build.0 = NoRewards|Any CPU
		{857F2EE4-A2D9-0200-CCCE-DF28A89AD2CA}.Release|Any CPU.ActiveCfg = Release|Any CPU
		{857F2EE4-A2D9-0200-CCCE-DF28A89AD2CA}.Release|Any CPU.Build.0 = Release|Any CPU
		{857F2EE4-A2D9-0200-CCCE-DF28A89AD2CA}.Release|x64.ActiveCfg = Release|Any CPU
		{857F2EE4-A2D9-0200-CCCE-DF28A89AD2CA}.Release|x64.Build.0 = Release|Any CPU
		{857F2EE4-A2D9-0200-CCCE-DF28A89AD2CA}.Release|x86.ActiveCfg = Release|Any CPU
		{857F2EE4-A2D9-0200-CCCE-DF28A89AD2CA}.Release|x86.Build.0 = Release|Any CPU
		{857F2EE4-A2D9-0200-CCCE-DF28A89AD2CA}.Trace|Any CPU.ActiveCfg = Trace|Any CPU
		{857F2EE4-A2D9-0200-CCCE-DF28A89AD2CA}.Trace|Any CPU.Build.0 = Trace|Any CPU
		{857F2EE4-A2D9-0200-CCCE-DF28A89AD2CA}.Trace|x64.ActiveCfg = Trace|Any CPU
		{857F2EE4-A2D9-0200-CCCE-DF28A89AD2CA}.Trace|x64.Build.0 = Trace|Any CPU
		{857F2EE4-A2D9-0200-CCCE-DF28A89AD2CA}.Trace|x86.ActiveCfg = Trace|Any CPU
		{857F2EE4-A2D9-0200-CCCE-DF28A89AD2CA}.Trace|x86.Build.0 = Trace|Any CPU
		{B66EB91B-B29D-86FE-5C02-216E0921F007}.Debug|Any CPU.ActiveCfg = Debug|Any CPU
		{B66EB91B-B29D-86FE-5C02-216E0921F007}.Debug|Any CPU.Build.0 = Debug|Any CPU
		{B66EB91B-B29D-86FE-5C02-216E0921F007}.Debug|x64.ActiveCfg = Debug|Any CPU
		{B66EB91B-B29D-86FE-5C02-216E0921F007}.Debug|x64.Build.0 = Debug|Any CPU
		{B66EB91B-B29D-86FE-5C02-216E0921F007}.Debug|x86.ActiveCfg = Debug|Any CPU
		{B66EB91B-B29D-86FE-5C02-216E0921F007}.Debug|x86.Build.0 = Debug|Any CPU
		{B66EB91B-B29D-86FE-5C02-216E0921F007}.NoRewards|Any CPU.ActiveCfg = NoRewards|Any CPU
		{B66EB91B-B29D-86FE-5C02-216E0921F007}.NoRewards|Any CPU.Build.0 = NoRewards|Any CPU
		{B66EB91B-B29D-86FE-5C02-216E0921F007}.NoRewards|x64.ActiveCfg = NoRewards|Any CPU
		{B66EB91B-B29D-86FE-5C02-216E0921F007}.NoRewards|x64.Build.0 = NoRewards|Any CPU
		{B66EB91B-B29D-86FE-5C02-216E0921F007}.NoRewards|x86.ActiveCfg = NoRewards|Any CPU
		{B66EB91B-B29D-86FE-5C02-216E0921F007}.NoRewards|x86.Build.0 = NoRewards|Any CPU
		{B66EB91B-B29D-86FE-5C02-216E0921F007}.Release|Any CPU.ActiveCfg = Release|Any CPU
		{B66EB91B-B29D-86FE-5C02-216E0921F007}.Release|Any CPU.Build.0 = Release|Any CPU
		{B66EB91B-B29D-86FE-5C02-216E0921F007}.Release|x64.ActiveCfg = Release|Any CPU
		{B66EB91B-B29D-86FE-5C02-216E0921F007}.Release|x64.Build.0 = Release|Any CPU
		{B66EB91B-B29D-86FE-5C02-216E0921F007}.Release|x86.ActiveCfg = Release|Any CPU
		{B66EB91B-B29D-86FE-5C02-216E0921F007}.Release|x86.Build.0 = Release|Any CPU
		{B66EB91B-B29D-86FE-5C02-216E0921F007}.Trace|Any CPU.ActiveCfg = Trace|Any CPU
		{B66EB91B-B29D-86FE-5C02-216E0921F007}.Trace|Any CPU.Build.0 = Trace|Any CPU
		{B66EB91B-B29D-86FE-5C02-216E0921F007}.Trace|x64.ActiveCfg = Trace|Any CPU
		{B66EB91B-B29D-86FE-5C02-216E0921F007}.Trace|x64.Build.0 = Trace|Any CPU
		{B66EB91B-B29D-86FE-5C02-216E0921F007}.Trace|x86.ActiveCfg = Trace|Any CPU
		{B66EB91B-B29D-86FE-5C02-216E0921F007}.Trace|x86.Build.0 = Trace|Any CPU
		{3FB69602-7885-AA1A-15E9-D9F8EABB8470}.Debug|Any CPU.ActiveCfg = Debug|Any CPU
		{3FB69602-7885-AA1A-15E9-D9F8EABB8470}.Debug|Any CPU.Build.0 = Debug|Any CPU
		{3FB69602-7885-AA1A-15E9-D9F8EABB8470}.Debug|x64.ActiveCfg = Debug|Any CPU
		{3FB69602-7885-AA1A-15E9-D9F8EABB8470}.Debug|x64.Build.0 = Debug|Any CPU
		{3FB69602-7885-AA1A-15E9-D9F8EABB8470}.Debug|x86.ActiveCfg = Debug|Any CPU
		{3FB69602-7885-AA1A-15E9-D9F8EABB8470}.Debug|x86.Build.0 = Debug|Any CPU
		{3FB69602-7885-AA1A-15E9-D9F8EABB8470}.NoRewards|Any CPU.ActiveCfg = NoRewards|Any CPU
		{3FB69602-7885-AA1A-15E9-D9F8EABB8470}.NoRewards|Any CPU.Build.0 = NoRewards|Any CPU
		{3FB69602-7885-AA1A-15E9-D9F8EABB8470}.NoRewards|x64.ActiveCfg = NoRewards|Any CPU
		{3FB69602-7885-AA1A-15E9-D9F8EABB8470}.NoRewards|x64.Build.0 = NoRewards|Any CPU
		{3FB69602-7885-AA1A-15E9-D9F8EABB8470}.NoRewards|x86.ActiveCfg = NoRewards|Any CPU
		{3FB69602-7885-AA1A-15E9-D9F8EABB8470}.NoRewards|x86.Build.0 = NoRewards|Any CPU
		{3FB69602-7885-AA1A-15E9-D9F8EABB8470}.Release|Any CPU.ActiveCfg = Release|Any CPU
		{3FB69602-7885-AA1A-15E9-D9F8EABB8470}.Release|Any CPU.Build.0 = Release|Any CPU
		{3FB69602-7885-AA1A-15E9-D9F8EABB8470}.Release|x64.ActiveCfg = Release|Any CPU
		{3FB69602-7885-AA1A-15E9-D9F8EABB8470}.Release|x64.Build.0 = Release|Any CPU
		{3FB69602-7885-AA1A-15E9-D9F8EABB8470}.Release|x86.ActiveCfg = Release|Any CPU
		{3FB69602-7885-AA1A-15E9-D9F8EABB8470}.Release|x86.Build.0 = Release|Any CPU
		{3FB69602-7885-AA1A-15E9-D9F8EABB8470}.Trace|Any CPU.ActiveCfg = Trace|Any CPU
		{3FB69602-7885-AA1A-15E9-D9F8EABB8470}.Trace|Any CPU.Build.0 = Trace|Any CPU
		{3FB69602-7885-AA1A-15E9-D9F8EABB8470}.Trace|x64.ActiveCfg = Trace|Any CPU
		{3FB69602-7885-AA1A-15E9-D9F8EABB8470}.Trace|x64.Build.0 = Trace|Any CPU
		{3FB69602-7885-AA1A-15E9-D9F8EABB8470}.Trace|x86.ActiveCfg = Trace|Any CPU
		{3FB69602-7885-AA1A-15E9-D9F8EABB8470}.Trace|x86.Build.0 = Trace|Any CPU
		{B060B4B9-91CD-0EAB-0D0A-D005020521BC}.Debug|Any CPU.ActiveCfg = Debug|Any CPU
		{B060B4B9-91CD-0EAB-0D0A-D005020521BC}.Debug|Any CPU.Build.0 = Debug|Any CPU
		{B060B4B9-91CD-0EAB-0D0A-D005020521BC}.Debug|x64.ActiveCfg = Debug|Any CPU
		{B060B4B9-91CD-0EAB-0D0A-D005020521BC}.Debug|x64.Build.0 = Debug|Any CPU
		{B060B4B9-91CD-0EAB-0D0A-D005020521BC}.Debug|x86.ActiveCfg = Debug|Any CPU
		{B060B4B9-91CD-0EAB-0D0A-D005020521BC}.Debug|x86.Build.0 = Debug|Any CPU
		{B060B4B9-91CD-0EAB-0D0A-D005020521BC}.NoRewards|Any CPU.ActiveCfg = NoRewards|Any CPU
		{B060B4B9-91CD-0EAB-0D0A-D005020521BC}.NoRewards|Any CPU.Build.0 = NoRewards|Any CPU
		{B060B4B9-91CD-0EAB-0D0A-D005020521BC}.NoRewards|x64.ActiveCfg = NoRewards|Any CPU
		{B060B4B9-91CD-0EAB-0D0A-D005020521BC}.NoRewards|x64.Build.0 = NoRewards|Any CPU
		{B060B4B9-91CD-0EAB-0D0A-D005020521BC}.NoRewards|x86.ActiveCfg = NoRewards|Any CPU
		{B060B4B9-91CD-0EAB-0D0A-D005020521BC}.NoRewards|x86.Build.0 = NoRewards|Any CPU
		{B060B4B9-91CD-0EAB-0D0A-D005020521BC}.Release|Any CPU.ActiveCfg = Release|Any CPU
		{B060B4B9-91CD-0EAB-0D0A-D005020521BC}.Release|Any CPU.Build.0 = Release|Any CPU
		{B060B4B9-91CD-0EAB-0D0A-D005020521BC}.Release|x64.ActiveCfg = Release|Any CPU
		{B060B4B9-91CD-0EAB-0D0A-D005020521BC}.Release|x64.Build.0 = Release|Any CPU
		{B060B4B9-91CD-0EAB-0D0A-D005020521BC}.Release|x86.ActiveCfg = Release|Any CPU
		{B060B4B9-91CD-0EAB-0D0A-D005020521BC}.Release|x86.Build.0 = Release|Any CPU
		{B060B4B9-91CD-0EAB-0D0A-D005020521BC}.Trace|Any CPU.ActiveCfg = Trace|Any CPU
		{B060B4B9-91CD-0EAB-0D0A-D005020521BC}.Trace|Any CPU.Build.0 = Trace|Any CPU
		{B060B4B9-91CD-0EAB-0D0A-D005020521BC}.Trace|x64.ActiveCfg = Trace|Any CPU
		{B060B4B9-91CD-0EAB-0D0A-D005020521BC}.Trace|x64.Build.0 = Trace|Any CPU
		{B060B4B9-91CD-0EAB-0D0A-D005020521BC}.Trace|x86.ActiveCfg = Trace|Any CPU
		{B060B4B9-91CD-0EAB-0D0A-D005020521BC}.Trace|x86.Build.0 = Trace|Any CPU
		{0CC0B97C-F635-070D-6FA7-C06351FBE508}.Debug|Any CPU.ActiveCfg = Debug|Any CPU
		{0CC0B97C-F635-070D-6FA7-C06351FBE508}.Debug|Any CPU.Build.0 = Debug|Any CPU
		{0CC0B97C-F635-070D-6FA7-C06351FBE508}.Debug|x64.ActiveCfg = Debug|Any CPU
		{0CC0B97C-F635-070D-6FA7-C06351FBE508}.Debug|x64.Build.0 = Debug|Any CPU
		{0CC0B97C-F635-070D-6FA7-C06351FBE508}.Debug|x86.ActiveCfg = Debug|Any CPU
		{0CC0B97C-F635-070D-6FA7-C06351FBE508}.Debug|x86.Build.0 = Debug|Any CPU
		{0CC0B97C-F635-070D-6FA7-C06351FBE508}.NoRewards|Any CPU.ActiveCfg = NoRewards|Any CPU
		{0CC0B97C-F635-070D-6FA7-C06351FBE508}.NoRewards|Any CPU.Build.0 = NoRewards|Any CPU
		{0CC0B97C-F635-070D-6FA7-C06351FBE508}.NoRewards|x64.ActiveCfg = NoRewards|Any CPU
		{0CC0B97C-F635-070D-6FA7-C06351FBE508}.NoRewards|x64.Build.0 = NoRewards|Any CPU
		{0CC0B97C-F635-070D-6FA7-C06351FBE508}.NoRewards|x86.ActiveCfg = NoRewards|Any CPU
		{0CC0B97C-F635-070D-6FA7-C06351FBE508}.NoRewards|x86.Build.0 = NoRewards|Any CPU
		{0CC0B97C-F635-070D-6FA7-C06351FBE508}.Release|Any CPU.ActiveCfg = Release|Any CPU
		{0CC0B97C-F635-070D-6FA7-C06351FBE508}.Release|Any CPU.Build.0 = Release|Any CPU
		{0CC0B97C-F635-070D-6FA7-C06351FBE508}.Release|x64.ActiveCfg = Release|Any CPU
		{0CC0B97C-F635-070D-6FA7-C06351FBE508}.Release|x64.Build.0 = Release|Any CPU
		{0CC0B97C-F635-070D-6FA7-C06351FBE508}.Release|x86.ActiveCfg = Release|Any CPU
		{0CC0B97C-F635-070D-6FA7-C06351FBE508}.Release|x86.Build.0 = Release|Any CPU
		{0CC0B97C-F635-070D-6FA7-C06351FBE508}.Trace|Any CPU.ActiveCfg = Trace|Any CPU
		{0CC0B97C-F635-070D-6FA7-C06351FBE508}.Trace|Any CPU.Build.0 = Trace|Any CPU
		{0CC0B97C-F635-070D-6FA7-C06351FBE508}.Trace|x64.ActiveCfg = Trace|Any CPU
		{0CC0B97C-F635-070D-6FA7-C06351FBE508}.Trace|x64.Build.0 = Trace|Any CPU
		{0CC0B97C-F635-070D-6FA7-C06351FBE508}.Trace|x86.ActiveCfg = Trace|Any CPU
		{0CC0B97C-F635-070D-6FA7-C06351FBE508}.Trace|x86.Build.0 = Trace|Any CPU
		{22D93A52-E1C4-D0C8-4D8F-6C7A08F47F4A}.Debug|Any CPU.ActiveCfg = Debug|Any CPU
		{22D93A52-E1C4-D0C8-4D8F-6C7A08F47F4A}.Debug|Any CPU.Build.0 = Debug|Any CPU
		{22D93A52-E1C4-D0C8-4D8F-6C7A08F47F4A}.Debug|x64.ActiveCfg = Debug|Any CPU
		{22D93A52-E1C4-D0C8-4D8F-6C7A08F47F4A}.Debug|x64.Build.0 = Debug|Any CPU
		{22D93A52-E1C4-D0C8-4D8F-6C7A08F47F4A}.Debug|x86.ActiveCfg = Debug|Any CPU
		{22D93A52-E1C4-D0C8-4D8F-6C7A08F47F4A}.Debug|x86.Build.0 = Debug|Any CPU
		{22D93A52-E1C4-D0C8-4D8F-6C7A08F47F4A}.NoRewards|Any CPU.ActiveCfg = NoRewards|Any CPU
		{22D93A52-E1C4-D0C8-4D8F-6C7A08F47F4A}.NoRewards|Any CPU.Build.0 = NoRewards|Any CPU
		{22D93A52-E1C4-D0C8-4D8F-6C7A08F47F4A}.NoRewards|x64.ActiveCfg = NoRewards|Any CPU
		{22D93A52-E1C4-D0C8-4D8F-6C7A08F47F4A}.NoRewards|x64.Build.0 = NoRewards|Any CPU
		{22D93A52-E1C4-D0C8-4D8F-6C7A08F47F4A}.NoRewards|x86.ActiveCfg = NoRewards|Any CPU
		{22D93A52-E1C4-D0C8-4D8F-6C7A08F47F4A}.NoRewards|x86.Build.0 = NoRewards|Any CPU
		{22D93A52-E1C4-D0C8-4D8F-6C7A08F47F4A}.Release|Any CPU.ActiveCfg = Release|Any CPU
		{22D93A52-E1C4-D0C8-4D8F-6C7A08F47F4A}.Release|Any CPU.Build.0 = Release|Any CPU
		{22D93A52-E1C4-D0C8-4D8F-6C7A08F47F4A}.Release|x64.ActiveCfg = Release|Any CPU
		{22D93A52-E1C4-D0C8-4D8F-6C7A08F47F4A}.Release|x64.Build.0 = Release|Any CPU
		{22D93A52-E1C4-D0C8-4D8F-6C7A08F47F4A}.Release|x86.ActiveCfg = Release|Any CPU
		{22D93A52-E1C4-D0C8-4D8F-6C7A08F47F4A}.Release|x86.Build.0 = Release|Any CPU
		{22D93A52-E1C4-D0C8-4D8F-6C7A08F47F4A}.Trace|Any CPU.ActiveCfg = Trace|Any CPU
		{22D93A52-E1C4-D0C8-4D8F-6C7A08F47F4A}.Trace|Any CPU.Build.0 = Trace|Any CPU
		{22D93A52-E1C4-D0C8-4D8F-6C7A08F47F4A}.Trace|x64.ActiveCfg = Trace|Any CPU
		{22D93A52-E1C4-D0C8-4D8F-6C7A08F47F4A}.Trace|x64.Build.0 = Trace|Any CPU
		{22D93A52-E1C4-D0C8-4D8F-6C7A08F47F4A}.Trace|x86.ActiveCfg = Trace|Any CPU
		{22D93A52-E1C4-D0C8-4D8F-6C7A08F47F4A}.Trace|x86.Build.0 = Trace|Any CPU
		{EF325D89-14EC-F56A-F0AA-283B49B1C7CB}.Debug|Any CPU.ActiveCfg = Debug|Any CPU
		{EF325D89-14EC-F56A-F0AA-283B49B1C7CB}.Debug|Any CPU.Build.0 = Debug|Any CPU
		{EF325D89-14EC-F56A-F0AA-283B49B1C7CB}.Debug|x64.ActiveCfg = Debug|Any CPU
		{EF325D89-14EC-F56A-F0AA-283B49B1C7CB}.Debug|x64.Build.0 = Debug|Any CPU
		{EF325D89-14EC-F56A-F0AA-283B49B1C7CB}.Debug|x86.ActiveCfg = Debug|Any CPU
		{EF325D89-14EC-F56A-F0AA-283B49B1C7CB}.Debug|x86.Build.0 = Debug|Any CPU
		{EF325D89-14EC-F56A-F0AA-283B49B1C7CB}.NoRewards|Any CPU.ActiveCfg = NoRewards|Any CPU
		{EF325D89-14EC-F56A-F0AA-283B49B1C7CB}.NoRewards|Any CPU.Build.0 = NoRewards|Any CPU
		{EF325D89-14EC-F56A-F0AA-283B49B1C7CB}.NoRewards|x64.ActiveCfg = NoRewards|Any CPU
		{EF325D89-14EC-F56A-F0AA-283B49B1C7CB}.NoRewards|x64.Build.0 = NoRewards|Any CPU
		{EF325D89-14EC-F56A-F0AA-283B49B1C7CB}.NoRewards|x86.ActiveCfg = NoRewards|Any CPU
		{EF325D89-14EC-F56A-F0AA-283B49B1C7CB}.NoRewards|x86.Build.0 = NoRewards|Any CPU
		{EF325D89-14EC-F56A-F0AA-283B49B1C7CB}.Release|Any CPU.ActiveCfg = Release|Any CPU
		{EF325D89-14EC-F56A-F0AA-283B49B1C7CB}.Release|Any CPU.Build.0 = Release|Any CPU
		{EF325D89-14EC-F56A-F0AA-283B49B1C7CB}.Release|x64.ActiveCfg = Release|Any CPU
		{EF325D89-14EC-F56A-F0AA-283B49B1C7CB}.Release|x64.Build.0 = Release|Any CPU
		{EF325D89-14EC-F56A-F0AA-283B49B1C7CB}.Release|x86.ActiveCfg = Release|Any CPU
		{EF325D89-14EC-F56A-F0AA-283B49B1C7CB}.Release|x86.Build.0 = Release|Any CPU
		{EF325D89-14EC-F56A-F0AA-283B49B1C7CB}.Trace|Any CPU.ActiveCfg = Trace|Any CPU
		{EF325D89-14EC-F56A-F0AA-283B49B1C7CB}.Trace|Any CPU.Build.0 = Trace|Any CPU
		{EF325D89-14EC-F56A-F0AA-283B49B1C7CB}.Trace|x64.ActiveCfg = Trace|Any CPU
		{EF325D89-14EC-F56A-F0AA-283B49B1C7CB}.Trace|x64.Build.0 = Trace|Any CPU
		{EF325D89-14EC-F56A-F0AA-283B49B1C7CB}.Trace|x86.ActiveCfg = Trace|Any CPU
		{EF325D89-14EC-F56A-F0AA-283B49B1C7CB}.Trace|x86.Build.0 = Trace|Any CPU
	EndGlobalSection
	GlobalSection(SolutionProperties) = preSolution
		HideSolutionNode = FALSE
	EndGlobalSection
	GlobalSection(NestedProjects) = preSolution
		{72398651-1F17-443F-9739-895A72B4C3A1} = {87AC0C68-E227-4708-8548-42F6ABABF709}
		{25C95797-DCD3-2F17-9949-91FEA952AF44} = {72398651-1F17-443F-9739-895A72B4C3A1}
		{4FC36F34-D1D8-4D81-9A94-3EBA73C20323} = {87AC0C68-E227-4708-8548-42F6ABABF709}
		{B02E9423-5012-45FD-88FD-52CCEEC0977D} = {87AC0C68-E227-4708-8548-42F6ABABF709}
		{3E8420A1-419E-55B4-B13A-A2F43004FE1D} = {B02E9423-5012-45FD-88FD-52CCEEC0977D}
		{DEDDA453-8485-02ED-CBA8-122498123A74} = {B02E9423-5012-45FD-88FD-52CCEEC0977D}
		{86D91516-9C37-B04A-AC43-A175F28641B2} = {B02E9423-5012-45FD-88FD-52CCEEC0977D}
		{A6B04519-01E6-8460-94CF-ED2C9E7206C6} = {B02E9423-5012-45FD-88FD-52CCEEC0977D}
		{E7280949-95D4-C9D3-6188-24F819987C29} = {B02E9423-5012-45FD-88FD-52CCEEC0977D}
		{857F2EE4-A2D9-0200-CCCE-DF28A89AD2CA} = {4FC36F34-D1D8-4D81-9A94-3EBA73C20323}
		{B66EB91B-B29D-86FE-5C02-216E0921F007} = {4FC36F34-D1D8-4D81-9A94-3EBA73C20323}
		{3FB69602-7885-AA1A-15E9-D9F8EABB8470} = {4FC36F34-D1D8-4D81-9A94-3EBA73C20323}
		{B060B4B9-91CD-0EAB-0D0A-D005020521BC} = {B02E9423-5012-45FD-88FD-52CCEEC0977D}
		{42981907-53CD-4C6B-8FE2-4E9CD5D7025D} = {DC81D05D-CD57-4E41-82F9-C3B45C79E597}
		{72082C5E-85AD-4CBB-B964-B298E0B445B0} = {DC81D05D-CD57-4E41-82F9-C3B45C79E597}
		{0CC0B97C-F635-070D-6FA7-C06351FBE508} = {72082C5E-85AD-4CBB-B964-B298E0B445B0}
		{22D93A52-E1C4-D0C8-4D8F-6C7A08F47F4A} = {42981907-53CD-4C6B-8FE2-4E9CD5D7025D}
		{EF325D89-14EC-F56A-F0AA-283B49B1C7CB} = {42981907-53CD-4C6B-8FE2-4E9CD5D7025D}
	EndGlobalSection
	GlobalSection(ExtensibilityGlobals) = postSolution
		SolutionGuid = {5168D7D6-4F09-475C-B21C-10A522D4E3A4}
	EndGlobalSection
EndGlobal
